
Microsoft Visual Studio Solution File, Format Version 12.00
# Visual Studio Version 17
VisualStudioVersion = 17.0.31903.59
MinimumVisualStudioVersion = 10.0.40219.1
Project("{FAE04EC0-301F-11D3-BF4B-00C04F79EFBC}") = "KafkaConsumer", "KafkaConsumer\KafkaConsumer.csproj", "{DC001B8F-909C-43D4-83E6-695A7EAC1075}"
EndProject
Global
	GlobalSection(SolutionConfigurationPlatforms) = preSolution
		Debug|Any CPU = Debug|Any CPU
		Release|Any CPU = Release|Any CPU
	EndGlobalSection
	GlobalSection(ProjectConfigurationPlatforms) = postSolution
		{DC001B8F-909C-43D4-83E6-695A7EAC1075}.Debug|Any CPU.ActiveCfg = Debug|Any CPU
		{DC001B8F-909C-43D4-83E6-695A7EAC1075}.Debug|Any CPU.Build.0 = Debug|Any CPU
		{DC001B8F-909C-43D4-83E6-695A7EAC1075}.Release|Any CPU.ActiveCfg = Release|Any CPU
		{DC001B8F-909C-43D4-83E6-695A7EAC1075}.Release|Any CPU.Build.0 = Release|Any CPU
	EndGlobalSection
	GlobalSection(SolutionProperties) = preSolution
		HideSolutionNode = FALSE
	EndGlobalSection
	GlobalSection(ExtensibilityGlobals) = postSolution
		SolutionGuid = {EC4DC42D-4F38-4027-9C38-AC8EFC0E2CA2}
	EndGlobalSection
EndGlobal
